// !$*UTF8*$!
{
	archiveVersion = 1;
	classes = {
	};
	objectVersion = 50;
	objects = {

/* Begin PBXBuildFile section */
		7F3DF09A21D5064A00E48B47 /* AppDelegate.swift in Sources */ = {isa = PBXBuildFile; fileRef = 7F3DF09921D5064A00E48B47 /* AppDelegate.swift */; };
		7F3DF09C21D5064A00E48B47 /* ViewController.swift in Sources */ = {isa = PBXBuildFile; fileRef = 7F3DF09B21D5064A00E48B47 /* ViewController.swift */; };
		7F3DF09E21D5064C00E48B47 /* Assets.xcassets in Resources */ = {isa = PBXBuildFile; fileRef = 7F3DF09D21D5064C00E48B47 /* Assets.xcassets */; };
		7F3DF0A121D5064C00E48B47 /* Main.storyboard in Resources */ = {isa = PBXBuildFile; fileRef = 7F3DF09F21D5064C00E48B47 /* Main.storyboard */; };
		7F88982D21D6A9D3007BD04F /* jsonParsers.swift in Sources */ = {isa = PBXBuildFile; fileRef = 7F88982C21D6A9D3007BD04F /* jsonParsers.swift */; };
		7F88983121D6C5BD007BD04F /* jamfStructs.swift in Sources */ = {isa = PBXBuildFile; fileRef = 7F88983021D6C5BD007BD04F /* jamfStructs.swift */; };
/* End PBXBuildFile section */

/* Begin PBXFileReference section */
		7F3DF09621D5064A00E48B47 /* jamfJsonParsing.app */ = {isa = PBXFileReference; explicitFileType = wrapper.application; includeInIndex = 0; path = jamfJsonParsing.app; sourceTree = BUILT_PRODUCTS_DIR; };
		7F3DF09921D5064A00E48B47 /* AppDelegate.swift */ = {isa = PBXFileReference; lastKnownFileType = sourcecode.swift; path = AppDelegate.swift; sourceTree = "<group>"; };
		7F3DF09B21D5064A00E48B47 /* ViewController.swift */ = {isa = PBXFileReference; lastKnownFileType = sourcecode.swift; path = ViewController.swift; sourceTree = "<group>"; };
		7F3DF09D21D5064C00E48B47 /* Assets.xcassets */ = {isa = PBXFileReference; lastKnownFileType = folder.assetcatalog; path = Assets.xcassets; sourceTree = "<group>"; };
		7F3DF0A021D5064C00E48B47 /* Base */ = {isa = PBXFileReference; lastKnownFileType = file.storyboard; name = Base; path = Base.lproj/Main.storyboard; sourceTree = "<group>"; };
		7F3DF0A221D5064C00E48B47 /* Info.plist */ = {isa = PBXFileReference; lastKnownFileType = text.plist.xml; path = Info.plist; sourceTree = "<group>"; };
		7F3DF0A321D5064C00E48B47 /* jamfJsonParsing.entitlements */ = {isa = PBXFileReference; lastKnownFileType = text.plist.entitlements; path = jamfJsonParsing.entitlements; sourceTree = "<group>"; };
		7F88982C21D6A9D3007BD04F /* jsonParsers.swift */ = {isa = PBXFileReference; lastKnownFileType = sourcecode.swift; path = jsonParsers.swift; sourceTree = "<group>"; };
		7F88983021D6C5BD007BD04F /* jamfStructs.swift */ = {isa = PBXFileReference; lastKnownFileType = sourcecode.swift; path = jamfStructs.swift; sourceTree = "<group>"; };
/* End PBXFileReference section */

/* Begin PBXFrameworksBuildPhase section */
		7F3DF09321D5064A00E48B47 /* Frameworks */ = {
			isa = PBXFrameworksBuildPhase;
			buildActionMask = 2147483647;
			files = (
			);
			runOnlyForDeploymentPostprocessing = 0;
		};
/* End PBXFrameworksBuildPhase section */

/* Begin PBXGroup section */
		7F3DF08D21D5064A00E48B47 = {
			isa = PBXGroup;
			children = (
				7F3DF09821D5064A00E48B47 /* jamfJsonParsing */,
				7F3DF09721D5064A00E48B47 /* Products */,
			);
			sourceTree = "<group>";
		};
		7F3DF09721D5064A00E48B47 /* Products */ = {
			isa = PBXGroup;
			children = (
				7F3DF09621D5064A00E48B47 /* jamfJsonParsing.app */,
			);
			name = Products;
			sourceTree = "<group>";
		};
		7F3DF09821D5064A00E48B47 /* jamfJsonParsing */ = {
			isa = PBXGroup;
			children = (
				7F3DF09921D5064A00E48B47 /* AppDelegate.swift */,
				7F3DF09B21D5064A00E48B47 /* ViewController.swift */,
				7F3DF09D21D5064C00E48B47 /* Assets.xcassets */,
				7F3DF09F21D5064C00E48B47 /* Main.storyboard */,
				7F3DF0A221D5064C00E48B47 /* Info.plist */,
				7F3DF0A321D5064C00E48B47 /* jamfJsonParsing.entitlements */,
				7F88982C21D6A9D3007BD04F /* jsonParsers.swift */,
				7F88983021D6C5BD007BD04F /* jamfStructs.swift */,
			);
			path = jamfJsonParsing;
			sourceTree = "<group>";
		};
/* End PBXGroup section */

/* Begin PBXNativeTarget section */
		7F3DF09521D5064A00E48B47 /* jamfJsonParsing */ = {
			isa = PBXNativeTarget;
			buildConfigurationList = 7F3DF0A621D5064C00E48B47 /* Build configuration list for PBXNativeTarget "jamfJsonParsing" */;
			buildPhases = (
				7F3DF09221D5064A00E48B47 /* Sources */,
				7F3DF09321D5064A00E48B47 /* Frameworks */,
				7F3DF09421D5064A00E48B47 /* Resources */,
			);
			buildRules = (
			);
			dependencies = (
			);
			name = jamfJsonParsing;
			productName = jamfJsonParsing;
			productReference = 7F3DF09621D5064A00E48B47 /* jamfJsonParsing.app */;
			productType = "com.apple.product-type.application";
		};
/* End PBXNativeTarget section */

/* Begin PBXProject section */
		7F3DF08E21D5064A00E48B47 /* Project object */ = {
			isa = PBXProject;
			attributes = {
				LastSwiftUpdateCheck = 1010;
				LastUpgradeCheck = 1010;
				ORGANIZATIONNAME = "Doyle, Mark(Information Technology Services)";
				TargetAttributes = {
					7F3DF09521D5064A00E48B47 = {
						CreatedOnToolsVersion = 10.1;
						SystemCapabilities = {
							com.apple.Sandbox = {
								enabled = 0;
							};
						};
					};
				};
			};
			buildConfigurationList = 7F3DF09121D5064A00E48B47 /* Build configuration list for PBXProject "jamfJsonParsing" */;
			compatibilityVersion = "Xcode 9.3";
			developmentRegion = en;
			hasScannedForEncodings = 0;
			knownRegions = (
				en,
				Base,
			);
			mainGroup = 7F3DF08D21D5064A00E48B47;
			productRefGroup = 7F3DF09721D5064A00E48B47 /* Products */;
			projectDirPath = "";
			projectRoot = "";
			targets = (
				7F3DF09521D5064A00E48B47 /* jamfJsonParsing */,
			);
		};
/* End PBXProject section */

/* Begin PBXResourcesBuildPhase section */
		7F3DF09421D5064A00E48B47 /* Resources */ = {
			isa = PBXResourcesBuildPhase;
			buildActionMask = 2147483647;
			files = (
				7F3DF09E21D5064C00E48B47 /* Assets.xcassets in Resources */,
				7F3DF0A121D5064C00E48B47 /* Main.storyboard in Resources */,
			);
			runOnlyForDeploymentPostprocessing = 0;
		};
/* End PBXResourcesBuildPhase section */

/* Begin PBXSourcesBuildPhase section */
		7F3DF09221D5064A00E48B47 /* Sources */ = {
			isa = PBXSourcesBuildPhase;
			buildActionMask = 2147483647;
			files = (
				7F88982D21D6A9D3007BD04F /* jsonParsers.swift in Sources */,
				7F3DF09C21D5064A00E48B47 /* ViewController.swift in Sources */,
				7F88983121D6C5BD007BD04F /* jamfStructs.swift in Sources */,
				7F3DF09A21D5064A00E48B47 /* AppDelegate.swift in Sources */,
			);
			runOnlyForDeploymentPostprocessing = 0;
		};
/* End PBXSourcesBuildPhase section */

/* Begin PBXVariantGroup section */
		7F3DF09F21D5064C00E48B47 /* Main.storyboard */ = {
			isa = PBXVariantGroup;
			children = (
				7F3DF0A021D5064C00E48B47 /* Base */,
			);
			name = Main.storyboard;
			sourceTree = "<group>";
		};
/* End PBXVariantGroup section */

/* Begin XCBuildConfiguration section */
		7F3DF0A421D5064C00E48B47 /* Debug */ = {
			isa = XCBuildConfiguration;
			buildSettings = {
				ALWAYS_SEARCH_USER_PATHS = NO;
				CLANG_ANALYZER_NONNULL = YES;
				CLANG_ANALYZER_NUMBER_OBJECT_CONVERSION = YES_AGGRESSIVE;
				CLANG_CXX_LANGUAGE_STANDARD = "gnu++14";
				CLANG_CXX_LIBRARY = "libc++";
				CLANG_ENABLE_MODULES = YES;
				CLANG_ENABLE_OBJC_ARC = YES;
				CLANG_ENABLE_OBJC_WEAK = YES;
				CLANG_WARN_BLOCK_CAPTURE_AUTORELEASING = YES;
				CLANG_WARN_BOOL_CONVERSION = YES;
				CLANG_WARN_COMMA = YES;
				CLANG_WARN_CONSTANT_CONVERSION = YES;
				CLANG_WARN_DEPRECATED_OBJC_IMPLEMENTATIONS = YES;
				CLANG_WARN_DIRECT_OBJC_ISA_USAGE = YES_ERROR;
				CLANG_WARN_DOCUMENTATION_COMMENTS = YES;
				CLANG_WARN_EMPTY_BODY = YES;
				CLANG_WARN_ENUM_CONVERSION = YES;
				CLANG_WARN_INFINITE_RECURSION = YES;
				CLANG_WARN_INT_CONVERSION = YES;
				CLANG_WARN_NON_LITERAL_NULL_CONVERSION = YES;
				CLANG_WARN_OBJC_IMPLICIT_RETAIN_SELF = YES;
				CLANG_WARN_OBJC_LITERAL_CONVERSION = YES;
				CLANG_WARN_OBJC_ROOT_CLASS = YES_ERROR;
				CLANG_WARN_RANGE_LOOP_ANALYSIS = YES;
				CLANG_WARN_STRICT_PROTOTYPES = YES;
				CLANG_WARN_SUSPICIOUS_MOVE = YES;
				CLANG_WARN_UNGUARDED_AVAILABILITY = YES_AGGRESSIVE;
				CLANG_WARN_UNREACHABLE_CODE = YES;
				CLANG_WARN__DUPLICATE_METHOD_MATCH = YES;
				CODE_SIGN_IDENTITY = "Mac Developer";
				COPY_PHASE_STRIP = NO;
				DEBUG_INFORMATION_FORMAT = dwarf;
				ENABLE_STRICT_OBJC_MSGSEND = YES;
				ENABLE_TESTABILITY = YES;
				GCC_C_LANGUAGE_STANDARD = gnu11;
				GCC_DYNAMIC_NO_PIC = NO;
				GCC_NO_COMMON_BLOCKS = YES;
				GCC_OPTIMIZATION_LEVEL = 0;
				GCC_PREPROCESSOR_DEFINITIONS = (
					"DEBUG=1",
					"$(inherited)",
				);
				GCC_WARN_64_TO_32_BIT_CONVERSION = YES;
				GCC_WARN_ABOUT_RETURN_TYPE = YES_ERROR;
				GCC_WARN_UNDECLARED_SELECTOR = YES;
				GCC_WARN_UNINITIALIZED_AUTOS = YES_AGGRESSIVE;
				GCC_WARN_UNUSED_FUNCTION = YES;
				GCC_WARN_UNUSED_VARIABLE = YES;
				MACOSX_DEPLOYMENT_TARGET = 10.14;
				MTL_ENABLE_DEBUG_INFO = INCLUDE_SOURCE;
				MTL_FAST_MATH = YES;
				ONLY_ACTIVE_ARCH = YES;
				SDKROOT = macosx;
				SWIFT_ACTIVE_COMPILATION_CONDITIONS = DEBUG;
				SWIFT_OPTIMIZATION_LEVEL = "-Onone";
			};
			name = Debug;
		};
		7F3DF0A521D5064C00E48B47 /* Release */ = {
			isa = XCBuildConfiguration;
			buildSettings = {
				ALWAYS_SEARCH_USER_PATHS = NO;
				CLANG_ANALYZER_NONNULL = YES;
				CLANG_ANALYZER_NUMBER_OBJECT_CONVERSION = YES_AGGRESSIVE;
				CLANG_CXX_LANGUAGE_STANDARD = "gnu++14";
				CLANG_CXX_LIBRARY = "libc++";
				CLANG_ENABLE_MODULES = YES;
				CLANG_ENABLE_OBJC_ARC = YES;
				CLANG_ENABLE_OBJC_WEAK = YES;
				CLANG_WARN_BLOCK_CAPTURE_AUTORELEASING = YES;
				CLANG_WARN_BOOL_CONVERSION = YES;
				CLANG_WARN_COMMA = YES;
				CLANG_WARN_CONSTANT_CONVERSION = YES;
				CLANG_WARN_DEPRECATED_OBJC_IMPLEMENTATIONS = YES;
				CLANG_WARN_DIRECT_OBJC_ISA_USAGE = YES_ERROR;
				CLANG_WARN_DOCUMENTATION_COMMENTS = YES;
				CLANG_WARN_EMPTY_BODY = YES;
				CLANG_WARN_ENUM_CONVERSION = YES;
				CLANG_WARN_INFINITE_RECURSION = YES;
				CLANG_WARN_INT_CONVERSION = YES;
				CLANG_WARN_NON_LITERAL_NULL_CONVERSION = YES;
				CLANG_WARN_OBJC_IMPLICIT_RETAIN_SELF = YES;
				CLANG_WARN_OBJC_LITERAL_CONVERSION = YES;
				CLANG_WARN_OBJC_ROOT_CLASS = YES_ERROR;
				CLANG_WARN_RANGE_LOOP_ANALYSIS = YES;
				CLANG_WARN_STRICT_PROTOTYPES = YES;
				CLANG_WARN_SUSPICIOUS_MOVE = YES;
				CLANG_WARN_UNGUARDED_AVAILABILITY = YES_AGGRESSIVE;
				CLANG_WARN_UNREACHABLE_CODE = YES;
				CLANG_WARN__DUPLICATE_METHOD_MATCH = YES;
				CODE_SIGN_IDENTITY = "Mac Developer";
				COPY_PHASE_STRIP = NO;
				DEBUG_INFORMATION_FORMAT = "dwarf-with-dsym";
				ENABLE_NS_ASSERTIONS = NO;
				ENABLE_STRICT_OBJC_MSGSEND = YES;
				GCC_C_LANGUAGE_STANDARD = gnu11;
				GCC_NO_COMMON_BLOCKS = YES;
				GCC_WARN_64_TO_32_BIT_CONVERSION = YES;
				GCC_WARN_ABOUT_RETURN_TYPE = YES_ERROR;
				GCC_WARN_UNDECLARED_SELECTOR = YES;
				GCC_WARN_UNINITIALIZED_AUTOS = YES_AGGRESSIVE;
				GCC_WARN_UNUSED_FUNCTION = YES;
				GCC_WARN_UNUSED_VARIABLE = YES;
				MACOSX_DEPLOYMENT_TARGET = 10.14;
				MTL_ENABLE_DEBUG_INFO = NO;
				MTL_FAST_MATH = YES;
				SDKROOT = macosx;
				SWIFT_COMPILATION_MODE = wholemodule;
				SWIFT_OPTIMIZATION_LEVEL = "-O";
			};
			name = Release;
		};
		7F3DF0A721D5064C00E48B47 /* Debug */ = {
			isa = XCBuildConfiguration;
			buildSettings = {
				ASSETCATALOG_COMPILER_APPICON_NAME = AppIcon;
				CODE_SIGN_STYLE = Automatic;
				COMBINE_HIDPI_IMAGES = YES;
				DEVELOPMENT_TEAM = 8K6TR7WW7Q;
				INFOPLIST_FILE = jamfJsonParsing/Info.plist;
				LD_RUNPATH_SEARCH_PATHS = (
					"$(inherited)",
					"@executable_path/../Frameworks",
				);
				PRODUCT_BUNDLE_IDENTIFIER = com.doylema.jamfJsonParsing;
				PRODUCT_NAME = "$(TARGET_NAME)";
				SWIFT_VERSION = 4.2;
			};
			name = Debug;
		};
		7F3DF0A821D5064C00E48B47 /* Release */ = {
			isa = XCBuildConfiguration;
			buildSettings = {
				ASSETCATALOG_COMPILER_APPICON_NAME = AppIcon;
				CODE_SIGN_STYLE = Automatic;
				COMBINE_HIDPI_IMAGES = YES;
				DEVELOPMENT_TEAM = 8K6TR7WW7Q;
				INFOPLIST_FILE = jamfJsonParsing/Info.plist;
				LD_RUNPATH_SEARCH_PATHS = (
					"$(inherited)",
					"@executable_path/../Frameworks",
				);
				PRODUCT_BUNDLE_IDENTIFIER = com.doylema.jamfJsonParsing;
				PRODUCT_NAME = "$(TARGET_NAME)";
				SWIFT_VERSION = 4.2;
			};
			name = Release;
		};
/* End XCBuildConfiguration section */

/* Begin XCConfigurationList section */
		7F3DF09121D5064A00E48B47 /* Build configuration list for PBXProject "jamfJsonParsing" */ = {
			isa = XCConfigurationList;
			buildConfigurations = (
				7F3DF0A421D5064C00E48B47 /* Debug */,
				7F3DF0A521D5064C00E48B47 /* Release */,
			);
			defaultConfigurationIsVisible = 0;
			defaultConfigurationName = Release;
		};
		7F3DF0A621D5064C00E48B47 /* Build configuration list for PBXNativeTarget "jamfJsonParsing" */ = {
			isa = XCConfigurationList;
			buildConfigurations = (
				7F3DF0A721D5064C00E48B47 /* Debug */,
				7F3DF0A821D5064C00E48B47 /* Release */,
			);
			defaultConfigurationIsVisible = 0;
			defaultConfigurationName = Release;
		};
/* End XCConfigurationList section */
	};
	rootObject = 7F3DF08E21D5064A00E48B47 /* Project object */;
}
